
Microsoft Visual Studio Solution File, Format Version 12.00
# Visual Studio Version 16
VisualStudioVersion = 16.0.809.7
MinimumVisualStudioVersion = 10.0.40219.1
Project("{FAE04EC0-301F-11D3-BF4B-00C04F79EFBC}") = "CriandoCatalogJogosArqDotNET", "CriandoCatalogJogosArqDotNET\CriandoCatalogJogosArqDotNET.csproj", "{47EA7DFD-C491-410C-9431-1C995CE5470D}"
EndProject
Global
	GlobalSection(SolutionConfigurationPlatforms) = preSolution
		Debug|Any CPU = Debug|Any CPU
		Release|Any CPU = Release|Any CPU
	EndGlobalSection
	GlobalSection(ProjectConfigurationPlatforms) = postSolution
		{47EA7DFD-C491-410C-9431-1C995CE5470D}.Debug|Any CPU.ActiveCfg = Debug|Any CPU
		{47EA7DFD-C491-410C-9431-1C995CE5470D}.Debug|Any CPU.Build.0 = Debug|Any CPU
		{47EA7DFD-C491-410C-9431-1C995CE5470D}.Release|Any CPU.ActiveCfg = Release|Any CPU
		{47EA7DFD-C491-410C-9431-1C995CE5470D}.Release|Any CPU.Build.0 = Release|Any CPU
	EndGlobalSection
	GlobalSection(SolutionProperties) = preSolution
		HideSolutionNode = FALSE
	EndGlobalSection
	GlobalSection(ExtensibilityGlobals) = postSolution
		SolutionGuid = {B4171483-32FC-496D-BB46-DEA4C418DC31}
	EndGlobalSection
EndGlobal
